
Microsoft Visual Studio Solution File, Format Version 12.00
# Visual Studio Version 18
VisualStudioVersion = 18.4.11605.240 stable
MinimumVisualStudioVersion = 10.0.40219.1
Project("{FAE04EC0-301F-11D3-BF4B-00C04F79EFBC}") = "AlgoSenseNSE.API", "AlgoSenseNSE.API.csproj", "{FAF304EB-C377-E336-39B9-1695E2E275AB}"
EndProject
Global
	GlobalSection(SolutionConfigurationPlatforms) = preSolution
		Debug|Any CPU = Debug|Any CPU
		Release|Any CPU = Release|Any CPU
	EndGlobalSection
	GlobalSection(ProjectConfigurationPlatforms) = postSolution
		{FAF304EB-C377-E336-39B9-1695E2E275AB}.Debug|Any CPU.ActiveCfg = Debug|Any CPU
		{FAF304EB-C377-E336-39B9-1695E2E275AB}.Debug|Any CPU.Build.0 = Debug|Any CPU
		{FAF304EB-C377-E336-39B9-1695E2E275AB}.Release|Any CPU.ActiveCfg = Release|Any CPU
		{FAF304EB-C377-E336-39B9-1695E2E275AB}.Release|Any CPU.Build.0 = Release|Any CPU
	EndGlobalSection
	GlobalSection(SolutionProperties) = preSolution
		HideSolutionNode = FALSE
	EndGlobalSection
	GlobalSection(ExtensibilityGlobals) = postSolution
		SolutionGuid = {65556C02-D4DA-4E77-B5F0-AA7FE4972C29}
	EndGlobalSection
EndGlobal
